{
  "name": "backendfunctions",
  "version": "1.0.0",
  "lockfileVersion": 1,
  "requires": true,
  "dependencies": {
    "fast-haversine": {
      "version": "1.0.0",
      "resolved": "https://registry.npmjs.org/fast-haversine/-/fast-haversine-1.0.0.tgz",
      "integrity": "sha1-Q0V6DbKoa91Q0u06pZ8ynB+lEyo="
    },
    "geolib": {
      "version": "2.0.24",
      "resolved": "https://registry.npmjs.org/geolib/-/geolib-2.0.24.tgz",
      "integrity": "sha512-NR0AyYyEnGrFS9JvSFmmotQDxVCORJgDHdvBwSatxl5aHarOLMh3KuGI83bCvCfObjfoEiDe8Ung8GGLGAtthw=="
    }
  }
}
